// !$*UTF8*$!
{
	archiveVersion = 1;
	classes = {
	};
	objectVersion = 50;
	objects = {

/* Begin PBXBuildFile section */
		BC15542822A581D2000F7570 /* AppDelegate.swift in Sources */ = {isa = PBXBuildFile; fileRef = BC15542722A581D2000F7570 /* AppDelegate.swift */; };
		BC15542A22A581D2000F7570 /* ViewController.swift in Sources */ = {isa = PBXBuildFile; fileRef = BC15542922A581D2000F7570 /* ViewController.swift */; };
		BC15542D22A581D2000F7570 /* Main.storyboard in Resources */ = {isa = PBXBuildFile; fileRef = BC15542B22A581D2000F7570 /* Main.storyboard */; };
		BC15542F22A581D4000F7570 /* Assets.xcassets in Resources */ = {isa = PBXBuildFile; fileRef = BC15542E22A581D4000F7570 /* Assets.xcassets */; };
		BC15543222A581D4000F7570 /* LaunchScreen.storyboard in Resources */ = {isa = PBXBuildFile; fileRef = BC15543022A581D4000F7570 /* LaunchScreen.storyboard */; };
		BC15543D22A581D4000F7570 /* l5Tests.swift in Sources */ = {isa = PBXBuildFile; fileRef = BC15543C22A581D4000F7570 /* l5Tests.swift */; };
		BC15544822A581D4000F7570 /* l5UITests.swift in Sources */ = {isa = PBXBuildFile; fileRef = BC15544722A581D4000F7570 /* l5UITests.swift */; };
/* End PBXBuildFile section */

/* Begin PBXContainerItemProxy section */
		BC15543922A581D4000F7570 /* PBXContainerItemProxy */ = {
			isa = PBXContainerItemProxy;
			containerPortal = BC15541C22A581D2000F7570 /* Project object */;
			proxyType = 1;
			remoteGlobalIDString = BC15542322A581D2000F7570;
			remoteInfo = l5;
		};
		BC15544422A581D4000F7570 /* PBXContainerItemProxy */ = {
			isa = PBXContainerItemProxy;
			containerPortal = BC15541C22A581D2000F7570 /* Project object */;
			proxyType = 1;
			remoteGlobalIDString = BC15542322A581D2000F7570;
			remoteInfo = l5;
		};
/* End PBXContainerItemProxy section */

/* Begin PBXFileReference section */
		BC15542422A581D2000F7570 /* l5.app */ = {isa = PBXFileReference; explicitFileType = wrapper.application; includeInIndex = 0; path = l5.app; sourceTree = BUILT_PRODUCTS_DIR; };
		BC15542722A581D2000F7570 /* AppDelegate.swift */ = {isa = PBXFileReference; lastKnownFileType = sourcecode.swift; path = AppDelegate.swift; sourceTree = "<group>"; };
		BC15542922A581D2000F7570 /* ViewController.swift */ = {isa = PBXFileReference; lastKnownFileType = sourcecode.swift; path = ViewController.swift; sourceTree = "<group>"; };
		BC15542C22A581D2000F7570 /* Base */ = {isa = PBXFileReference; lastKnownFileType = file.storyboard; name = Base; path = Base.lproj/Main.storyboard; sourceTree = "<group>"; };
		BC15542E22A581D4000F7570 /* Assets.xcassets */ = {isa = PBXFileReference; lastKnownFileType = folder.assetcatalog; path = Assets.xcassets; sourceTree = "<group>"; };
		BC15543122A581D4000F7570 /* Base */ = {isa = PBXFileReference; lastKnownFileType = file.storyboard; name = Base; path = Base.lproj/LaunchScreen.storyboard; sourceTree = "<group>"; };
		BC15543322A581D4000F7570 /* Info.plist */ = {isa = PBXFileReference; lastKnownFileType = text.plist.xml; path = Info.plist; sourceTree = "<group>"; };
		BC15543822A581D4000F7570 /* l5Tests.xctest */ = {isa = PBXFileReference; explicitFileType = wrapper.cfbundle; includeInIndex = 0; path = l5Tests.xctest; sourceTree = BUILT_PRODUCTS_DIR; };
		BC15543C22A581D4000F7570 /* l5Tests.swift */ = {isa = PBXFileReference; lastKnownFileType = sourcecode.swift; path = l5Tests.swift; sourceTree = "<group>"; };
		BC15543E22A581D4000F7570 /* Info.plist */ = {isa = PBXFileReference; lastKnownFileType = text.plist.xml; path = Info.plist; sourceTree = "<group>"; };
		BC15544322A581D4000F7570 /* l5UITests.xctest */ = {isa = PBXFileReference; explicitFileType = wrapper.cfbundle; includeInIndex = 0; path = l5UITests.xctest; sourceTree = BUILT_PRODUCTS_DIR; };
		BC15544722A581D4000F7570 /* l5UITests.swift */ = {isa = PBXFileReference; lastKnownFileType = sourcecode.swift; path = l5UITests.swift; sourceTree = "<group>"; };
		BC15544922A581D4000F7570 /* Info.plist */ = {isa = PBXFileReference; lastKnownFileType = text.plist.xml; path = Info.plist; sourceTree = "<group>"; };
/* End PBXFileReference section */

/* Begin PBXFrameworksBuildPhase section */
		BC15542122A581D2000F7570 /* Frameworks */ = {
			isa = PBXFrameworksBuildPhase;
			buildActionMask = 2147483647;
			files = (
			);
			runOnlyForDeploymentPostprocessing = 0;
		};
		BC15543522A581D4000F7570 /* Frameworks */ = {
			isa = PBXFrameworksBuildPhase;
			buildActionMask = 2147483647;
			files = (
			);
			runOnlyForDeploymentPostprocessing = 0;
		};
		BC15544022A581D4000F7570 /* Frameworks */ = {
			isa = PBXFrameworksBuildPhase;
			buildActionMask = 2147483647;
			files = (
			);
			runOnlyForDeploymentPostprocessing = 0;
		};
/* End PBXFrameworksBuildPhase section */

/* Begin PBXGroup section */
		BC15541B22A581D2000F7570 = {
			isa = PBXGroup;
			children = (
				BC15542622A581D2000F7570 /* l5 */,
				BC15543B22A581D4000F7570 /* l5Tests */,
				BC15544622A581D4000F7570 /* l5UITests */,
				BC15542522A581D2000F7570 /* Products */,
			);
			sourceTree = "<group>";
		};
		BC15542522A581D2000F7570 /* Products */ = {
			isa = PBXGroup;
			children = (
				BC15542422A581D2000F7570 /* l5.app */,
				BC15543822A581D4000F7570 /* l5Tests.xctest */,
				BC15544322A581D4000F7570 /* l5UITests.xctest */,
			);
			name = Products;
			sourceTree = "<group>";
		};
		BC15542622A581D2000F7570 /* l5 */ = {
			isa = PBXGroup;
			children = (
				BC15542722A581D2000F7570 /* AppDelegate.swift */,
				BC15542922A581D2000F7570 /* ViewController.swift */,
				BC15542B22A581D2000F7570 /* Main.storyboard */,
				BC15542E22A581D4000F7570 /* Assets.xcassets */,
				BC15543022A581D4000F7570 /* LaunchScreen.storyboard */,
				BC15543322A581D4000F7570 /* Info.plist */,
			);
			path = l5;
			sourceTree = "<group>";
		};
		BC15543B22A581D4000F7570 /* l5Tests */ = {
			isa = PBXGroup;
			children = (
				BC15543C22A581D4000F7570 /* l5Tests.swift */,
				BC15543E22A581D4000F7570 /* Info.plist */,
			);
			path = l5Tests;
			sourceTree = "<group>";
		};
		BC15544622A581D4000F7570 /* l5UITests */ = {
			isa = PBXGroup;
			children = (
				BC15544722A581D4000F7570 /* l5UITests.swift */,
				BC15544922A581D4000F7570 /* Info.plist */,
			);
			path = l5UITests;
			sourceTree = "<group>";
		};
/* End PBXGroup section */

/* Begin PBXNativeTarget section */
		BC15542322A581D2000F7570 /* l5 */ = {
			isa = PBXNativeTarget;
			buildConfigurationList = BC15544C22A581D4000F7570 /* Build configuration list for PBXNativeTarget "l5" */;
			buildPhases = (
				BC15542022A581D2000F7570 /* Sources */,
				BC15542122A581D2000F7570 /* Frameworks */,
				BC15542222A581D2000F7570 /* Resources */,
			);
			buildRules = (
			);
			dependencies = (
			);
			name = l5;
			productName = l5;
			productReference = BC15542422A581D2000F7570 /* l5.app */;
			productType = "com.apple.product-type.application";
		};
		BC15543722A581D4000F7570 /* l5Tests */ = {
			isa = PBXNativeTarget;
			buildConfigurationList = BC15544F22A581D4000F7570 /* Build configuration list for PBXNativeTarget "l5Tests" */;
			buildPhases = (
				BC15543422A581D4000F7570 /* Sources */,
				BC15543522A581D4000F7570 /* Frameworks */,
				BC15543622A581D4000F7570 /* Resources */,
			);
			buildRules = (
			);
			dependencies = (
				BC15543A22A581D4000F7570 /* PBXTargetDependency */,
			);
			name = l5Tests;
			productName = l5Tests;
			productReference = BC15543822A581D4000F7570 /* l5Tests.xctest */;
			productType = "com.apple.product-type.bundle.unit-test";
		};
		BC15544222A581D4000F7570 /* l5UITests */ = {
			isa = PBXNativeTarget;
			buildConfigurationList = BC15545222A581D4000F7570 /* Build configuration list for PBXNativeTarget "l5UITests" */;
			buildPhases = (
				BC15543F22A581D4000F7570 /* Sources */,
				BC15544022A581D4000F7570 /* Frameworks */,
				BC15544122A581D4000F7570 /* Resources */,
			);
			buildRules = (
			);
			dependencies = (
				BC15544522A581D4000F7570 /* PBXTargetDependency */,
			);
			name = l5UITests;
			productName = l5UITests;
			productReference = BC15544322A581D4000F7570 /* l5UITests.xctest */;
			productType = "com.apple.product-type.bundle.ui-testing";
		};
/* End PBXNativeTarget section */

/* Begin PBXProject section */
		BC15541C22A581D2000F7570 /* Project object */ = {
			isa = PBXProject;
			attributes = {
				LastSwiftUpdateCheck = 1020;
				LastUpgradeCheck = 1020;
				ORGANIZATIONNAME = "Oleksandr Shelenhivskyi";
				TargetAttributes = {
					BC15542322A581D2000F7570 = {
						CreatedOnToolsVersion = 10.2.1;
					};
					BC15543722A581D4000F7570 = {
						CreatedOnToolsVersion = 10.2.1;
						TestTargetID = BC15542322A581D2000F7570;
					};
					BC15544222A581D4000F7570 = {
						CreatedOnToolsVersion = 10.2.1;
						TestTargetID = BC15542322A581D2000F7570;
					};
				};
			};
			buildConfigurationList = BC15541F22A581D2000F7570 /* Build configuration list for PBXProject "l5" */;
			compatibilityVersion = "Xcode 9.3";
			developmentRegion = en;
			hasScannedForEncodings = 0;
			knownRegions = (
				en,
				Base,
			);
			mainGroup = BC15541B22A581D2000F7570;
			productRefGroup = BC15542522A581D2000F7570 /* Products */;
			projectDirPath = "";
			projectRoot = "";
			targets = (
				BC15542322A581D2000F7570 /* l5 */,
				BC15543722A581D4000F7570 /* l5Tests */,
				BC15544222A581D4000F7570 /* l5UITests */,
			);
		};
/* End PBXProject section */

/* Begin PBXResourcesBuildPhase section */
		BC15542222A581D2000F7570 /* Resources */ = {
			isa = PBXResourcesBuildPhase;
			buildActionMask = 2147483647;
			files = (
				BC15543222A581D4000F7570 /* LaunchScreen.storyboard in Resources */,
				BC15542F22A581D4000F7570 /* Assets.xcassets in Resources */,
				BC15542D22A581D2000F7570 /* Main.storyboard in Resources */,
			);
			runOnlyForDeploymentPostprocessing = 0;
		};
		BC15543622A581D4000F7570 /* Resources */ = {
			isa = PBXResourcesBuildPhase;
			buildActionMask = 2147483647;
			files = (
			);
			runOnlyForDeploymentPostprocessing = 0;
		};
		BC15544122A581D4000F7570 /* Resources */ = {
			isa = PBXResourcesBuildPhase;
			buildActionMask = 2147483647;
			files = (
			);
			runOnlyForDeploymentPostprocessing = 0;
		};
/* End PBXResourcesBuildPhase section */

/* Begin PBXSourcesBuildPhase section */
		BC15542022A581D2000F7570 /* Sources */ = {
			isa = PBXSourcesBuildPhase;
			buildActionMask = 2147483647;
			files = (
				BC15542A22A581D2000F7570 /* ViewController.swift in Sources */,
				BC15542822A581D2000F7570 /* AppDelegate.swift in Sources */,
			);
			runOnlyForDeploymentPostprocessing = 0;
		};
		BC15543422A581D4000F7570 /* Sources */ = {
			isa = PBXSourcesBuildPhase;
			buildActionMask = 2147483647;
			files = (
				BC15543D22A581D4000F7570 /* l5Tests.swift in Sources */,
			);
			runOnlyForDeploymentPostprocessing = 0;
		};
		BC15543F22A581D4000F7570 /* Sources */ = {
			isa = PBXSourcesBuildPhase;
			buildActionMask = 2147483647;
			files = (
				BC15544822A581D4000F7570 /* l5UITests.swift in Sources */,
			);
			runOnlyForDeploymentPostprocessing = 0;
		};
/* End PBXSourcesBuildPhase section */

/* Begin PBXTargetDependency section */
		BC15543A22A581D4000F7570 /* PBXTargetDependency */ = {
			isa = PBXTargetDependency;
			target = BC15542322A581D2000F7570 /* l5 */;
			targetProxy = BC15543922A581D4000F7570 /* PBXContainerItemProxy */;
		};
		BC15544522A581D4000F7570 /* PBXTargetDependency */ = {
			isa = PBXTargetDependency;
			target = BC15542322A581D2000F7570 /* l5 */;
			targetProxy = BC15544422A581D4000F7570 /* PBXContainerItemProxy */;
		};
/* End PBXTargetDependency section */

/* Begin PBXVariantGroup section */
		BC15542B22A581D2000F7570 /* Main.storyboard */ = {
			isa = PBXVariantGroup;
			children = (
				BC15542C22A581D2000F7570 /* Base */,
			);
			name = Main.storyboard;
			sourceTree = "<group>";
		};
		BC15543022A581D4000F7570 /* LaunchScreen.storyboard */ = {
			isa = PBXVariantGroup;
			children = (
				BC15543122A581D4000F7570 /* Base */,
			);
			name = LaunchScreen.storyboard;
			sourceTree = "<group>";
		};
/* End PBXVariantGroup section */

/* Begin XCBuildConfiguration section */
		BC15544A22A581D4000F7570 /* Debug */ = {
			isa = XCBuildConfiguration;
			buildSettings = {
				ALWAYS_SEARCH_USER_PATHS = NO;
				CLANG_ANALYZER_NONNULL = YES;
				CLANG_ANALYZER_NUMBER_OBJECT_CONVERSION = YES_AGGRESSIVE;
				CLANG_CXX_LANGUAGE_STANDARD = "gnu++14";
				CLANG_CXX_LIBRARY = "libc++";
				CLANG_ENABLE_MODULES = YES;
				CLANG_ENABLE_OBJC_ARC = YES;
				CLANG_ENABLE_OBJC_WEAK = YES;
				CLANG_WARN_BLOCK_CAPTURE_AUTORELEASING = YES;
				CLANG_WARN_BOOL_CONVERSION = YES;
				CLANG_WARN_COMMA = YES;
				CLANG_WARN_CONSTANT_CONVERSION = YES;
				CLANG_WARN_DEPRECATED_OBJC_IMPLEMENTATIONS = YES;
				CLANG_WARN_DIRECT_OBJC_ISA_USAGE = YES_ERROR;
				CLANG_WARN_DOCUMENTATION_COMMENTS = YES;
				CLANG_WARN_EMPTY_BODY = YES;
				CLANG_WARN_ENUM_CONVERSION = YES;
				CLANG_WARN_INFINITE_RECURSION = YES;
				CLANG_WARN_INT_CONVERSION = YES;
				CLANG_WARN_NON_LITERAL_NULL_CONVERSION = YES;
				CLANG_WARN_OBJC_IMPLICIT_RETAIN_SELF = YES;
				CLANG_WARN_OBJC_LITERAL_CONVERSION = YES;
				CLANG_WARN_OBJC_ROOT_CLASS = YES_ERROR;
				CLANG_WARN_RANGE_LOOP_ANALYSIS = YES;
				CLANG_WARN_STRICT_PROTOTYPES = YES;
				CLANG_WARN_SUSPICIOUS_MOVE = YES;
				CLANG_WARN_UNGUARDED_AVAILABILITY = YES_AGGRESSIVE;
				CLANG_WARN_UNREACHABLE_CODE = YES;
				CLANG_WARN__DUPLICATE_METHOD_MATCH = YES;
				CODE_SIGN_IDENTITY = "iPhone Developer";
				COPY_PHASE_STRIP = NO;
				DEBUG_INFORMATION_FORMAT = dwarf;
				ENABLE_STRICT_OBJC_MSGSEND = YES;
				ENABLE_TESTABILITY = YES;
				GCC_C_LANGUAGE_STANDARD = gnu11;
				GCC_DYNAMIC_NO_PIC = NO;
				GCC_NO_COMMON_BLOCKS = YES;
				GCC_OPTIMIZATION_LEVEL = 0;
				GCC_PREPROCESSOR_DEFINITIONS = (
					"DEBUG=1",
					"$(inherited)",
				);
				GCC_WARN_64_TO_32_BIT_CONVERSION = YES;
				GCC_WARN_ABOUT_RETURN_TYPE = YES_ERROR;
				GCC_WARN_UNDECLARED_SELECTOR = YES;
				GCC_WARN_UNINITIALIZED_AUTOS = YES_AGGRESSIVE;
				GCC_WARN_UNUSED_FUNCTION = YES;
				GCC_WARN_UNUSED_VARIABLE = YES;
				IPHONEOS_DEPLOYMENT_TARGET = 12.2;
				MTL_ENABLE_DEBUG_INFO = INCLUDE_SOURCE;
				MTL_FAST_MATH = YES;
				ONLY_ACTIVE_ARCH = YES;
				SDKROOT = iphoneos;
				SWIFT_ACTIVE_COMPILATION_CONDITIONS = DEBUG;
				SWIFT_OPTIMIZATION_LEVEL = "-Onone";
			};
			name = Debug;
		};
		BC15544B22A581D4000F7570 /* Release */ = {
			isa = XCBuildConfiguration;
			buildSettings = {
				ALWAYS_SEARCH_USER_PATHS = NO;
				CLANG_ANALYZER_NONNULL = YES;
				CLANG_ANALYZER_NUMBER_OBJECT_CONVERSION = YES_AGGRESSIVE;
				CLANG_CXX_LANGUAGE_STANDARD = "gnu++14";
				CLANG_CXX_LIBRARY = "libc++";
				CLANG_ENABLE_MODULES = YES;
				CLANG_ENABLE_OBJC_ARC = YES;
				CLANG_ENABLE_OBJC_WEAK = YES;
				CLANG_WARN_BLOCK_CAPTURE_AUTORELEASING = YES;
				CLANG_WARN_BOOL_CONVERSION = YES;
				CLANG_WARN_COMMA = YES;
				CLANG_WARN_CONSTANT_CONVERSION = YES;
				CLANG_WARN_DEPRECATED_OBJC_IMPLEMENTATIONS = YES;
				CLANG_WARN_DIRECT_OBJC_ISA_USAGE = YES_ERROR;
				CLANG_WARN_DOCUMENTATION_COMMENTS = YES;
				CLANG_WARN_EMPTY_BODY = YES;
				CLANG_WARN_ENUM_CONVERSION = YES;
				CLANG_WARN_INFINITE_RECURSION = YES;
				CLANG_WARN_INT_CONVERSION = YES;
				CLANG_WARN_NON_LITERAL_NULL_CONVERSION = YES;
				CLANG_WARN_OBJC_IMPLICIT_RETAIN_SELF = YES;
				CLANG_WARN_OBJC_LITERAL_CONVERSION = YES;
				CLANG_WARN_OBJC_ROOT_CLASS = YES_ERROR;
				CLANG_WARN_RANGE_LOOP_ANALYSIS = YES;
				CLANG_WARN_STRICT_PROTOTYPES = YES;
				CLANG_WARN_SUSPICIOUS_MOVE = YES;
				CLANG_WARN_UNGUARDED_AVAILABILITY = YES_AGGRESSIVE;
				CLANG_WARN_UNREACHABLE_CODE = YES;
				CLANG_WARN__DUPLICATE_METHOD_MATCH = YES;
				CODE_SIGN_IDENTITY = "iPhone Developer";
				COPY_PHASE_STRIP = NO;
				DEBUG_INFORMATION_FORMAT = "dwarf-with-dsym";
				ENABLE_NS_ASSERTIONS = NO;
				ENABLE_STRICT_OBJC_MSGSEND = YES;
				GCC_C_LANGUAGE_STANDARD = gnu11;
				GCC_NO_COMMON_BLOCKS = YES;
				GCC_WARN_64_TO_32_BIT_CONVERSION = YES;
				GCC_WARN_ABOUT_RETURN_TYPE = YES_ERROR;
				GCC_WARN_UNDECLARED_SELECTOR = YES;
				GCC_WARN_UNINITIALIZED_AUTOS = YES_AGGRESSIVE;
				GCC_WARN_UNUSED_FUNCTION = YES;
				GCC_WARN_UNUSED_VARIABLE = YES;
				IPHONEOS_DEPLOYMENT_TARGET = 12.2;
				MTL_ENABLE_DEBUG_INFO = NO;
				MTL_FAST_MATH = YES;
				SDKROOT = iphoneos;
				SWIFT_COMPILATION_MODE = wholemodule;
				SWIFT_OPTIMIZATION_LEVEL = "-O";
				VALIDATE_PRODUCT = YES;
			};
			name = Release;
		};
		BC15544D22A581D4000F7570 /* Debug */ = {
			isa = XCBuildConfiguration;
			buildSettings = {
				ASSETCATALOG_COMPILER_APPICON_NAME = AppIcon;
				CODE_SIGN_STYLE = Automatic;
				DEVELOPMENT_TEAM = 982G9U8P5U;
				INFOPLIST_FILE = l5/Info.plist;
				LD_RUNPATH_SEARCH_PATHS = (
					"$(inherited)",
					"@executable_path/Frameworks",
				);
				PRODUCT_BUNDLE_IDENTIFIER = com.SashkoShel.l5;
				PRODUCT_NAME = "$(TARGET_NAME)";
				SWIFT_VERSION = 5.0;
				TARGETED_DEVICE_FAMILY = "1,2";
			};
			name = Debug;
		};
		BC15544E22A581D4000F7570 /* Release */ = {
			isa = XCBuildConfiguration;
			buildSettings = {
				ASSETCATALOG_COMPILER_APPICON_NAME = AppIcon;
				CODE_SIGN_STYLE = Automatic;
				DEVELOPMENT_TEAM = 982G9U8P5U;
				INFOPLIST_FILE = l5/Info.plist;
				LD_RUNPATH_SEARCH_PATHS = (
					"$(inherited)",
					"@executable_path/Frameworks",
				);
				PRODUCT_BUNDLE_IDENTIFIER = com.SashkoShel.l5;
				PRODUCT_NAME = "$(TARGET_NAME)";
				SWIFT_VERSION = 5.0;
				TARGETED_DEVICE_FAMILY = "1,2";
			};
			name = Release;
		};
		BC15545022A581D4000F7570 /* Debug */ = {
			isa = XCBuildConfiguration;
			buildSettings = {
				ALWAYS_EMBED_SWIFT_STANDARD_LIBRARIES = YES;
				BUNDLE_LOADER = "$(TEST_HOST)";
				CODE_SIGN_STYLE = Automatic;
				DEVELOPMENT_TEAM = 982G9U8P5U;
				INFOPLIST_FILE = l5Tests/Info.plist;
				LD_RUNPATH_SEARCH_PATHS = (
					"$(inherited)",
					"@executable_path/Frameworks",
					"@loader_path/Frameworks",
				);
				PRODUCT_BUNDLE_IDENTIFIER = com.SashkoShel.l5Tests;
				PRODUCT_NAME = "$(TARGET_NAME)";
				SWIFT_VERSION = 5.0;
				TARGETED_DEVICE_FAMILY = "1,2";
				TEST_HOST = "$(BUILT_PRODUCTS_DIR)/l5.app/l5";
			};
			name = Debug;
		};
		BC15545122A581D4000F7570 /* Release */ = {
			isa = XCBuildConfiguration;
			buildSettings = {
				ALWAYS_EMBED_SWIFT_STANDARD_LIBRARIES = YES;
				BUNDLE_LOADER = "$(TEST_HOST)";
				CODE_SIGN_STYLE = Automatic;
				DEVELOPMENT_TEAM = 982G9U8P5U;
				INFOPLIST_FILE = l5Tests/Info.plist;
				LD_RUNPATH_SEARCH_PATHS = (
					"$(inherited)",
					"@executable_path/Frameworks",
					"@loader_path/Frameworks",
				);
				PRODUCT_BUNDLE_IDENTIFIER = com.SashkoShel.l5Tests;
				PRODUCT_NAME = "$(TARGET_NAME)";
				SWIFT_VERSION = 5.0;
				TARGETED_DEVICE_FAMILY = "1,2";
				TEST_HOST = "$(BUILT_PRODUCTS_DIR)/l5.app/l5";
			};
			name = Release;
		};
		BC15545322A581D4000F7570 /* Debug */ = {
			isa = XCBuildConfiguration;
			buildSettings = {
				ALWAYS_EMBED_SWIFT_STANDARD_LIBRARIES = YES;
				CODE_SIGN_STYLE = Automatic;
				DEVELOPMENT_TEAM = 982G9U8P5U;
				INFOPLIST_FILE = l5UITests/Info.plist;
				LD_RUNPATH_SEARCH_PATHS = (
					"$(inherited)",
					"@executable_path/Frameworks",
					"@loader_path/Frameworks",
				);
				PRODUCT_BUNDLE_IDENTIFIER = com.SashkoShel.l5UITests;
				PRODUCT_NAME = "$(TARGET_NAME)";
				SWIFT_VERSION = 5.0;
				TARGETED_DEVICE_FAMILY = "1,2";
				TEST_TARGET_NAME = l5;
			};
			name = Debug;
		};
		BC15545422A581D4000F7570 /* Release */ = {
			isa = XCBuildConfiguration;
			buildSettings = {
				ALWAYS_EMBED_SWIFT_STANDARD_LIBRARIES = YES;
				CODE_SIGN_STYLE = Automatic;
				DEVELOPMENT_TEAM = 982G9U8P5U;
				INFOPLIST_FILE = l5UITests/Info.plist;
				LD_RUNPATH_SEARCH_PATHS = (
					"$(inherited)",
					"@executable_path/Frameworks",
					"@loader_path/Frameworks",
				);
				PRODUCT_BUNDLE_IDENTIFIER = com.SashkoShel.l5UITests;
				PRODUCT_NAME = "$(TARGET_NAME)";
				SWIFT_VERSION = 5.0;
				TARGETED_DEVICE_FAMILY = "1,2";
				TEST_TARGET_NAME = l5;
			};
			name = Release;
		};
/* End XCBuildConfiguration section */

/* Begin XCConfigurationList section */
		BC15541F22A581D2000F7570 /* Build configuration list for PBXProject "l5" */ = {
			isa = XCConfigurationList;
			buildConfigurations = (
				BC15544A22A581D4000F7570 /* Debug */,
				BC15544B22A581D4000F7570 /* Release */,
			);
			defaultConfigurationIsVisible = 0;
			defaultConfigurationName = Release;
		};
		BC15544C22A581D4000F7570 /* Build configuration list for PBXNativeTarget "l5" */ = {
			isa = XCConfigurationList;
			buildConfigurations = (
				BC15544D22A581D4000F7570 /* Debug */,
				BC15544E22A581D4000F7570 /* Release */,
			);
			defaultConfigurationIsVisible = 0;
			defaultConfigurationName = Release;
		};
		BC15544F22A581D4000F7570 /* Build configuration list for PBXNativeTarget "l5Tests" */ = {
			isa = XCConfigurationList;
			buildConfigurations = (
				BC15545022A581D4000F7570 /* Debug */,
				BC15545122A581D4000F7570 /* Release */,
			);
			defaultConfigurationIsVisible = 0;
			defaultConfigurationName = Release;
		};
		BC15545222A581D4000F7570 /* Build configuration list for PBXNativeTarget "l5UITests" */ = {
			isa = XCConfigurationList;
			buildConfigurations = (
				BC15545322A581D4000F7570 /* Debug */,
				BC15545422A581D4000F7570 /* Release */,
			);
			defaultConfigurationIsVisible = 0;
			defaultConfigurationName = Release;
		};
/* End XCConfigurationList section */
	};
	rootObject = BC15541C22A581D2000F7570 /* Project object */;
}
